// !$*UTF8*$!
{
	archiveVersion = 1;
	classes = {
	};
	objectVersion = 56;
	objects = {

/* Begin PBXBuildFile section */
		3AF0C75B28FEDA99003C8276 /* AppDelegate.swift in Sources */ = {isa = PBXBuildFile; fileRef = 3AF0C75A28FEDA99003C8276 /* AppDelegate.swift */; };
		3AF0C75D28FEDA99003C8276 /* SceneDelegate.swift in Sources */ = {isa = PBXBuildFile; fileRef = 3AF0C75C28FEDA99003C8276 /* SceneDelegate.swift */; };
		3AF0C75F28FEDA99003C8276 /* ViewController.swift in Sources */ = {isa = PBXBuildFile; fileRef = 3AF0C75E28FEDA99003C8276 /* ViewController.swift */; };
		3AF0C76228FEDA99003C8276 /* Main.storyboard in Resources */ = {isa = PBXBuildFile; fileRef = 3AF0C76028FEDA99003C8276 /* Main.storyboard */; };
		3AF0C76428FEDA9C003C8276 /* Assets.xcassets in Resources */ = {isa = PBXBuildFile; fileRef = 3AF0C76328FEDA9C003C8276 /* Assets.xcassets */; };
		3AF0C76728FEDA9C003C8276 /* LaunchScreen.storyboard in Resources */ = {isa = PBXBuildFile; fileRef = 3AF0C76528FEDA9C003C8276 /* LaunchScreen.storyboard */; };
		3AF0C77228FEDA9C003C8276 /* SidYakalaTests.swift in Sources */ = {isa = PBXBuildFile; fileRef = 3AF0C77128FEDA9C003C8276 /* SidYakalaTests.swift */; };
		3AF0C77C28FEDA9C003C8276 /* SidYakalaUITests.swift in Sources */ = {isa = PBXBuildFile; fileRef = 3AF0C77B28FEDA9C003C8276 /* SidYakalaUITests.swift */; };
		3AF0C77E28FEDA9C003C8276 /* SidYakalaUITestsLaunchTests.swift in Sources */ = {isa = PBXBuildFile; fileRef = 3AF0C77D28FEDA9C003C8276 /* SidYakalaUITestsLaunchTests.swift */; };
		3AF0C78B28FEDBCA003C8276 /* sid.jpg in Resources */ = {isa = PBXBuildFile; fileRef = 3AF0C78A28FEDBCA003C8276 /* sid.jpg */; };
/* End PBXBuildFile section */

/* Begin PBXContainerItemProxy section */
		3AF0C76E28FEDA9C003C8276 /* PBXContainerItemProxy */ = {
			isa = PBXContainerItemProxy;
			containerPortal = 3AF0C74F28FEDA99003C8276 /* Project object */;
			proxyType = 1;
			remoteGlobalIDString = 3AF0C75628FEDA99003C8276;
			remoteInfo = SidYakala;
		};
		3AF0C77828FEDA9C003C8276 /* PBXContainerItemProxy */ = {
			isa = PBXContainerItemProxy;
			containerPortal = 3AF0C74F28FEDA99003C8276 /* Project object */;
			proxyType = 1;
			remoteGlobalIDString = 3AF0C75628FEDA99003C8276;
			remoteInfo = SidYakala;
		};
/* End PBXContainerItemProxy section */

/* Begin PBXFileReference section */
		3AF0C75728FEDA99003C8276 /* SidYakala.app */ = {isa = PBXFileReference; explicitFileType = wrapper.application; includeInIndex = 0; path = SidYakala.app; sourceTree = BUILT_PRODUCTS_DIR; };
		3AF0C75A28FEDA99003C8276 /* AppDelegate.swift */ = {isa = PBXFileReference; lastKnownFileType = sourcecode.swift; path = AppDelegate.swift; sourceTree = "<group>"; };
		3AF0C75C28FEDA99003C8276 /* SceneDelegate.swift */ = {isa = PBXFileReference; lastKnownFileType = sourcecode.swift; path = SceneDelegate.swift; sourceTree = "<group>"; };
		3AF0C75E28FEDA99003C8276 /* ViewController.swift */ = {isa = PBXFileReference; lastKnownFileType = sourcecode.swift; path = ViewController.swift; sourceTree = "<group>"; };
		3AF0C76128FEDA99003C8276 /* Base */ = {isa = PBXFileReference; lastKnownFileType = file.storyboard; name = Base; path = Base.lproj/Main.storyboard; sourceTree = "<group>"; };
		3AF0C76328FEDA9C003C8276 /* Assets.xcassets */ = {isa = PBXFileReference; lastKnownFileType = folder.assetcatalog; path = Assets.xcassets; sourceTree = "<group>"; };
		3AF0C76628FEDA9C003C8276 /* Base */ = {isa = PBXFileReference; lastKnownFileType = file.storyboard; name = Base; path = Base.lproj/LaunchScreen.storyboard; sourceTree = "<group>"; };
		3AF0C76828FEDA9C003C8276 /* Info.plist */ = {isa = PBXFileReference; lastKnownFileType = text.plist.xml; path = Info.plist; sourceTree = "<group>"; };
		3AF0C76D28FEDA9C003C8276 /* SidYakalaTests.xctest */ = {isa = PBXFileReference; explicitFileType = wrapper.cfbundle; includeInIndex = 0; path = SidYakalaTests.xctest; sourceTree = BUILT_PRODUCTS_DIR; };
		3AF0C77128FEDA9C003C8276 /* SidYakalaTests.swift */ = {isa = PBXFileReference; lastKnownFileType = sourcecode.swift; path = SidYakalaTests.swift; sourceTree = "<group>"; };
		3AF0C77728FEDA9C003C8276 /* SidYakalaUITests.xctest */ = {isa = PBXFileReference; explicitFileType = wrapper.cfbundle; includeInIndex = 0; path = SidYakalaUITests.xctest; sourceTree = BUILT_PRODUCTS_DIR; };
		3AF0C77B28FEDA9C003C8276 /* SidYakalaUITests.swift */ = {isa = PBXFileReference; lastKnownFileType = sourcecode.swift; path = SidYakalaUITests.swift; sourceTree = "<group>"; };
		3AF0C77D28FEDA9C003C8276 /* SidYakalaUITestsLaunchTests.swift */ = {isa = PBXFileReference; lastKnownFileType = sourcecode.swift; path = SidYakalaUITestsLaunchTests.swift; sourceTree = "<group>"; };
		3AF0C78A28FEDBCA003C8276 /* sid.jpg */ = {isa = PBXFileReference; lastKnownFileType = image.jpeg; path = sid.jpg; sourceTree = SOURCE_ROOT; };
/* End PBXFileReference section */

/* Begin PBXFrameworksBuildPhase section */
		3AF0C75428FEDA99003C8276 /* Frameworks */ = {
			isa = PBXFrameworksBuildPhase;
			buildActionMask = 2147483647;
			files = (
			);
			runOnlyForDeploymentPostprocessing = 0;
		};
		3AF0C76A28FEDA9C003C8276 /* Frameworks */ = {
			isa = PBXFrameworksBuildPhase;
			buildActionMask = 2147483647;
			files = (
			);
			runOnlyForDeploymentPostprocessing = 0;
		};
		3AF0C77428FEDA9C003C8276 /* Frameworks */ = {
			isa = PBXFrameworksBuildPhase;
			buildActionMask = 2147483647;
			files = (
			);
			runOnlyForDeploymentPostprocessing = 0;
		};
/* End PBXFrameworksBuildPhase section */

/* Begin PBXGroup section */
		3AF0C74E28FEDA99003C8276 = {
			isa = PBXGroup;
			children = (
				3AF0C75928FEDA99003C8276 /* SidYakala */,
				3AF0C77028FEDA9C003C8276 /* SidYakalaTests */,
				3AF0C77A28FEDA9C003C8276 /* SidYakalaUITests */,
				3AF0C75828FEDA99003C8276 /* Products */,
			);
			sourceTree = "<group>";
		};
		3AF0C75828FEDA99003C8276 /* Products */ = {
			isa = PBXGroup;
			children = (
				3AF0C75728FEDA99003C8276 /* SidYakala.app */,
				3AF0C76D28FEDA9C003C8276 /* SidYakalaTests.xctest */,
				3AF0C77728FEDA9C003C8276 /* SidYakalaUITests.xctest */,
			);
			name = Products;
			sourceTree = "<group>";
		};
		3AF0C75928FEDA99003C8276 /* SidYakala */ = {
			isa = PBXGroup;
			children = (
				3AF0C78A28FEDBCA003C8276 /* sid.jpg */,
				3AF0C75A28FEDA99003C8276 /* AppDelegate.swift */,
				3AF0C75C28FEDA99003C8276 /* SceneDelegate.swift */,
				3AF0C75E28FEDA99003C8276 /* ViewController.swift */,
				3AF0C76028FEDA99003C8276 /* Main.storyboard */,
				3AF0C76328FEDA9C003C8276 /* Assets.xcassets */,
				3AF0C76528FEDA9C003C8276 /* LaunchScreen.storyboard */,
				3AF0C76828FEDA9C003C8276 /* Info.plist */,
			);
			path = SidYakala;
			sourceTree = "<group>";
		};
		3AF0C77028FEDA9C003C8276 /* SidYakalaTests */ = {
			isa = PBXGroup;
			children = (
				3AF0C77128FEDA9C003C8276 /* SidYakalaTests.swift */,
			);
			path = SidYakalaTests;
			sourceTree = "<group>";
		};
		3AF0C77A28FEDA9C003C8276 /* SidYakalaUITests */ = {
			isa = PBXGroup;
			children = (
				3AF0C77B28FEDA9C003C8276 /* SidYakalaUITests.swift */,
				3AF0C77D28FEDA9C003C8276 /* SidYakalaUITestsLaunchTests.swift */,
			);
			path = SidYakalaUITests;
			sourceTree = "<group>";
		};
/* End PBXGroup section */

/* Begin PBXNativeTarget section */
		3AF0C75628FEDA99003C8276 /* SidYakala */ = {
			isa = PBXNativeTarget;
			buildConfigurationList = 3AF0C78128FEDA9C003C8276 /* Build configuration list for PBXNativeTarget "SidYakala" */;
			buildPhases = (
				3AF0C75328FEDA99003C8276 /* Sources */,
				3AF0C75428FEDA99003C8276 /* Frameworks */,
				3AF0C75528FEDA99003C8276 /* Resources */,
			);
			buildRules = (
			);
			dependencies = (
			);
			name = SidYakala;
			productName = SidYakala;
			productReference = 3AF0C75728FEDA99003C8276 /* SidYakala.app */;
			productType = "com.apple.product-type.application";
		};
		3AF0C76C28FEDA9C003C8276 /* SidYakalaTests */ = {
			isa = PBXNativeTarget;
			buildConfigurationList = 3AF0C78428FEDA9C003C8276 /* Build configuration list for PBXNativeTarget "SidYakalaTests" */;
			buildPhases = (
				3AF0C76928FEDA9C003C8276 /* Sources */,
				3AF0C76A28FEDA9C003C8276 /* Frameworks */,
				3AF0C76B28FEDA9C003C8276 /* Resources */,
			);
			buildRules = (
			);
			dependencies = (
				3AF0C76F28FEDA9C003C8276 /* PBXTargetDependency */,
			);
			name = SidYakalaTests;
			productName = SidYakalaTests;
			productReference = 3AF0C76D28FEDA9C003C8276 /* SidYakalaTests.xctest */;
			productType = "com.apple.product-type.bundle.unit-test";
		};
		3AF0C77628FEDA9C003C8276 /* SidYakalaUITests */ = {
			isa = PBXNativeTarget;
			buildConfigurationList = 3AF0C78728FEDA9C003C8276 /* Build configuration list for PBXNativeTarget "SidYakalaUITests" */;
			buildPhases = (
				3AF0C77328FEDA9C003C8276 /* Sources */,
				3AF0C77428FEDA9C003C8276 /* Frameworks */,
				3AF0C77528FEDA9C003C8276 /* Resources */,
			);
			buildRules = (
			);
			dependencies = (
				3AF0C77928FEDA9C003C8276 /* PBXTargetDependency */,
			);
			name = SidYakalaUITests;
			productName = SidYakalaUITests;
			productReference = 3AF0C77728FEDA9C003C8276 /* SidYakalaUITests.xctest */;
			productType = "com.apple.product-type.bundle.ui-testing";
		};
/* End PBXNativeTarget section */

/* Begin PBXProject section */
		3AF0C74F28FEDA99003C8276 /* Project object */ = {
			isa = PBXProject;
			attributes = {
				BuildIndependentTargetsInParallel = 1;
				LastSwiftUpdateCheck = 1400;
				LastUpgradeCheck = 1400;
				TargetAttributes = {
					3AF0C75628FEDA99003C8276 = {
						CreatedOnToolsVersion = 14.0.1;
					};
					3AF0C76C28FEDA9C003C8276 = {
						CreatedOnToolsVersion = 14.0.1;
						TestTargetID = 3AF0C75628FEDA99003C8276;
					};
					3AF0C77628FEDA9C003C8276 = {
						CreatedOnToolsVersion = 14.0.1;
						TestTargetID = 3AF0C75628FEDA99003C8276;
					};
				};
			};
			buildConfigurationList = 3AF0C75228FEDA99003C8276 /* Build configuration list for PBXProject "SidYakala" */;
			compatibilityVersion = "Xcode 14.0";
			developmentRegion = en;
			hasScannedForEncodings = 0;
			knownRegions = (
				en,
				Base,
			);
			mainGroup = 3AF0C74E28FEDA99003C8276;
			productRefGroup = 3AF0C75828FEDA99003C8276 /* Products */;
			projectDirPath = "";
			projectRoot = "";
			targets = (
				3AF0C75628FEDA99003C8276 /* SidYakala */,
				3AF0C76C28FEDA9C003C8276 /* SidYakalaTests */,
				3AF0C77628FEDA9C003C8276 /* SidYakalaUITests */,
			);
		};
/* End PBXProject section */

/* Begin PBXResourcesBuildPhase section */
		3AF0C75528FEDA99003C8276 /* Resources */ = {
			isa = PBXResourcesBuildPhase;
			buildActionMask = 2147483647;
			files = (
				3AF0C76728FEDA9C003C8276 /* LaunchScreen.storyboard in Resources */,
				3AF0C76428FEDA9C003C8276 /* Assets.xcassets in Resources */,
				3AF0C78B28FEDBCA003C8276 /* sid.jpg in Resources */,
				3AF0C76228FEDA99003C8276 /* Main.storyboard in Resources */,
			);
			runOnlyForDeploymentPostprocessing = 0;
		};
		3AF0C76B28FEDA9C003C8276 /* Resources */ = {
			isa = PBXResourcesBuildPhase;
			buildActionMask = 2147483647;
			files = (
			);
			runOnlyForDeploymentPostprocessing = 0;
		};
		3AF0C77528FEDA9C003C8276 /* Resources */ = {
			isa = PBXResourcesBuildPhase;
			buildActionMask = 2147483647;
			files = (
			);
			runOnlyForDeploymentPostprocessing = 0;
		};
/* End PBXResourcesBuildPhase section */

/* Begin PBXSourcesBuildPhase section */
		3AF0C75328FEDA99003C8276 /* Sources */ = {
			isa = PBXSourcesBuildPhase;
			buildActionMask = 2147483647;
			files = (
				3AF0C75F28FEDA99003C8276 /* ViewController.swift in Sources */,
				3AF0C75B28FEDA99003C8276 /* AppDelegate.swift in Sources */,
				3AF0C75D28FEDA99003C8276 /* SceneDelegate.swift in Sources */,
			);
			runOnlyForDeploymentPostprocessing = 0;
		};
		3AF0C76928FEDA9C003C8276 /* Sources */ = {
			isa = PBXSourcesBuildPhase;
			buildActionMask = 2147483647;
			files = (
				3AF0C77228FEDA9C003C8276 /* SidYakalaTests.swift in Sources */,
			);
			runOnlyForDeploymentPostprocessing = 0;
		};
		3AF0C77328FEDA9C003C8276 /* Sources */ = {
			isa = PBXSourcesBuildPhase;
			buildActionMask = 2147483647;
			files = (
				3AF0C77E28FEDA9C003C8276 /* SidYakalaUITestsLaunchTests.swift in Sources */,
				3AF0C77C28FEDA9C003C8276 /* SidYakalaUITests.swift in Sources */,
			);
			runOnlyForDeploymentPostprocessing = 0;
		};
/* End PBXSourcesBuildPhase section */

/* Begin PBXTargetDependency section */
		3AF0C76F28FEDA9C003C8276 /* PBXTargetDependency */ = {
			isa = PBXTargetDependency;
			target = 3AF0C75628FEDA99003C8276 /* SidYakala */;
			targetProxy = 3AF0C76E28FEDA9C003C8276 /* PBXContainerItemProxy */;
		};
		3AF0C77928FEDA9C003C8276 /* PBXTargetDependency */ = {
			isa = PBXTargetDependency;
			target = 3AF0C75628FEDA99003C8276 /* SidYakala */;
			targetProxy = 3AF0C77828FEDA9C003C8276 /* PBXContainerItemProxy */;
		};
/* End PBXTargetDependency section */

/* Begin PBXVariantGroup section */
		3AF0C76028FEDA99003C8276 /* Main.storyboard */ = {
			isa = PBXVariantGroup;
			children = (
				3AF0C76128FEDA99003C8276 /* Base */,
			);
			name = Main.storyboard;
			sourceTree = "<group>";
		};
		3AF0C76528FEDA9C003C8276 /* LaunchScreen.storyboard */ = {
			isa = PBXVariantGroup;
			children = (
				3AF0C76628FEDA9C003C8276 /* Base */,
			);
			name = LaunchScreen.storyboard;
			sourceTree = "<group>";
		};
/* End PBXVariantGroup section */

/* Begin XCBuildConfiguration section */
		3AF0C77F28FEDA9C003C8276 /* Debug */ = {
			isa = XCBuildConfiguration;
			buildSettings = {
				ALWAYS_SEARCH_USER_PATHS = NO;
				CLANG_ANALYZER_NONNULL = YES;
				CLANG_ANALYZER_NUMBER_OBJECT_CONVERSION = YES_AGGRESSIVE;
				CLANG_CXX_LANGUAGE_STANDARD = "gnu++20";
				CLANG_ENABLE_MODULES = YES;
				CLANG_ENABLE_OBJC_ARC = YES;
				CLANG_ENABLE_OBJC_WEAK = YES;
				CLANG_WARN_BLOCK_CAPTURE_AUTORELEASING = YES;
				CLANG_WARN_BOOL_CONVERSION = YES;
				CLANG_WARN_COMMA = YES;
				CLANG_WARN_CONSTANT_CONVERSION = YES;
				CLANG_WARN_DEPRECATED_OBJC_IMPLEMENTATIONS = YES;
				CLANG_WARN_DIRECT_OBJC_ISA_USAGE = YES_ERROR;
				CLANG_WARN_DOCUMENTATION_COMMENTS = YES;
				CLANG_WARN_EMPTY_BODY = YES;
				CLANG_WARN_ENUM_CONVERSION = YES;
				CLANG_WARN_INFINITE_RECURSION = YES;
				CLANG_WARN_INT_CONVERSION = YES;
				CLANG_WARN_NON_LITERAL_NULL_CONVERSION = YES;
				CLANG_WARN_OBJC_IMPLICIT_RETAIN_SELF = YES;
				CLANG_WARN_OBJC_LITERAL_CONVERSION = YES;
				CLANG_WARN_OBJC_ROOT_CLASS = YES_ERROR;
				CLANG_WARN_QUOTED_INCLUDE_IN_FRAMEWORK_HEADER = YES;
				CLANG_WARN_RANGE_LOOP_ANALYSIS = YES;
				CLANG_WARN_STRICT_PROTOTYPES = YES;
				CLANG_WARN_SUSPICIOUS_MOVE = YES;
				CLANG_WARN_UNGUARDED_AVAILABILITY = YES_AGGRESSIVE;
				CLANG_WARN_UNREACHABLE_CODE = YES;
				CLANG_WARN__DUPLICATE_METHOD_MATCH = YES;
				COPY_PHASE_STRIP = NO;
				DEBUG_INFORMATION_FORMAT = dwarf;
				ENABLE_STRICT_OBJC_MSGSEND = YES;
				ENABLE_TESTABILITY = YES;
				GCC_C_LANGUAGE_STANDARD = gnu11;
				GCC_DYNAMIC_NO_PIC = NO;
				GCC_NO_COMMON_BLOCKS = YES;
				GCC_OPTIMIZATION_LEVEL = 0;
				GCC_PREPROCESSOR_DEFINITIONS = (
					"DEBUG=1",
					"$(inherited)",
				);
				GCC_WARN_64_TO_32_BIT_CONVERSION = YES;
				GCC_WARN_ABOUT_RETURN_TYPE = YES_ERROR;
				GCC_WARN_UNDECLARED_SELECTOR = YES;
				GCC_WARN_UNINITIALIZED_AUTOS = YES_AGGRESSIVE;
				GCC_WARN_UNUSED_FUNCTION = YES;
				GCC_WARN_UNUSED_VARIABLE = YES;
				IPHONEOS_DEPLOYMENT_TARGET = 16.0;
				MTL_ENABLE_DEBUG_INFO = INCLUDE_SOURCE;
				MTL_FAST_MATH = YES;
				ONLY_ACTIVE_ARCH = YES;
				SDKROOT = iphoneos;
				SWIFT_ACTIVE_COMPILATION_CONDITIONS = DEBUG;
				SWIFT_OPTIMIZATION_LEVEL = "-Onone";
			};
			name = Debug;
		};
		3AF0C78028FEDA9C003C8276 /* Release */ = {
			isa = XCBuildConfiguration;
			buildSettings = {
				ALWAYS_SEARCH_USER_PATHS = NO;
				CLANG_ANALYZER_NONNULL = YES;
				CLANG_ANALYZER_NUMBER_OBJECT_CONVERSION = YES_AGGRESSIVE;
				CLANG_CXX_LANGUAGE_STANDARD = "gnu++20";
				CLANG_ENABLE_MODULES = YES;
				CLANG_ENABLE_OBJC_ARC = YES;
				CLANG_ENABLE_OBJC_WEAK = YES;
				CLANG_WARN_BLOCK_CAPTURE_AUTORELEASING = YES;
				CLANG_WARN_BOOL_CONVERSION = YES;
				CLANG_WARN_COMMA = YES;
				CLANG_WARN_CONSTANT_CONVERSION = YES;
				CLANG_WARN_DEPRECATED_OBJC_IMPLEMENTATIONS = YES;
				CLANG_WARN_DIRECT_OBJC_ISA_USAGE = YES_ERROR;
				CLANG_WARN_DOCUMENTATION_COMMENTS = YES;
				CLANG_WARN_EMPTY_BODY = YES;
				CLANG_WARN_ENUM_CONVERSION = YES;
				CLANG_WARN_INFINITE_RECURSION = YES;
				CLANG_WARN_INT_CONVERSION = YES;
				CLANG_WARN_NON_LITERAL_NULL_CONVERSION = YES;
				CLANG_WARN_OBJC_IMPLICIT_RETAIN_SELF = YES;
				CLANG_WARN_OBJC_LITERAL_CONVERSION = YES;
				CLANG_WARN_OBJC_ROOT_CLASS = YES_ERROR;
				CLANG_WARN_QUOTED_INCLUDE_IN_FRAMEWORK_HEADER = YES;
				CLANG_WARN_RANGE_LOOP_ANALYSIS = YES;
				CLANG_WARN_STRICT_PROTOTYPES = YES;
				CLANG_WARN_SUSPICIOUS_MOVE = YES;
				CLANG_WARN_UNGUARDED_AVAILABILITY = YES_AGGRESSIVE;
				CLANG_WARN_UNREACHABLE_CODE = YES;
				CLANG_WARN__DUPLICATE_METHOD_MATCH = YES;
				COPY_PHASE_STRIP = NO;
				DEBUG_INFORMATION_FORMAT = "dwarf-with-dsym";
				ENABLE_NS_ASSERTIONS = NO;
				ENABLE_STRICT_OBJC_MSGSEND = YES;
				GCC_C_LANGUAGE_STANDARD = gnu11;
				GCC_NO_COMMON_BLOCKS = YES;
				GCC_WARN_64_TO_32_BIT_CONVERSION = YES;
				GCC_WARN_ABOUT_RETURN_TYPE = YES_ERROR;
				GCC_WARN_UNDECLARED_SELECTOR = YES;
				GCC_WARN_UNINITIALIZED_AUTOS = YES_AGGRESSIVE;
				GCC_WARN_UNUSED_FUNCTION = YES;
				GCC_WARN_UNUSED_VARIABLE = YES;
				IPHONEOS_DEPLOYMENT_TARGET = 16.0;
				MTL_ENABLE_DEBUG_INFO = NO;
				MTL_FAST_MATH = YES;
				SDKROOT = iphoneos;
				SWIFT_COMPILATION_MODE = wholemodule;
				SWIFT_OPTIMIZATION_LEVEL = "-O";
				VALIDATE_PRODUCT = YES;
			};
			name = Release;
		};
		3AF0C78228FEDA9C003C8276 /* Debug */ = {
			isa = XCBuildConfiguration;
			buildSettings = {
				ASSETCATALOG_COMPILER_APPICON_NAME = AppIcon;
				ASSETCATALOG_COMPILER_GLOBAL_ACCENT_COLOR_NAME = AccentColor;
				CODE_SIGN_STYLE = Automatic;
				CURRENT_PROJECT_VERSION = 1;
				DEVELOPMENT_TEAM = S849W7DL9F;
				GENERATE_INFOPLIST_FILE = YES;
				INFOPLIST_FILE = SidYakala/Info.plist;
				INFOPLIST_KEY_UIApplicationSupportsIndirectInputEvents = YES;
				INFOPLIST_KEY_UILaunchStoryboardName = LaunchScreen;
				INFOPLIST_KEY_UIMainStoryboardFile = Main;
				INFOPLIST_KEY_UISupportedInterfaceOrientations_iPad = "UIInterfaceOrientationPortrait UIInterfaceOrientationPortraitUpsideDown UIInterfaceOrientationLandscapeLeft UIInterfaceOrientationLandscapeRight";
				INFOPLIST_KEY_UISupportedInterfaceOrientations_iPhone = "UIInterfaceOrientationPortrait UIInterfaceOrientationLandscapeLeft UIInterfaceOrientationLandscapeRight";
				IPHONEOS_DEPLOYMENT_TARGET = 14.0;
				LD_RUNPATH_SEARCH_PATHS = (
					"$(inherited)",
					"@executable_path/Frameworks",
				);
				MARKETING_VERSION = 1.0;
				PRODUCT_BUNDLE_IDENTIFIER = com.firatilhan.SidYakala;
				PRODUCT_NAME = "$(TARGET_NAME)";
				SWIFT_EMIT_LOC_STRINGS = YES;
				SWIFT_VERSION = 5.0;
				TARGETED_DEVICE_FAMILY = "1,2";
			};
			name = Debug;
		};
		3AF0C78328FEDA9C003C8276 /* Release */ = {
			isa = XCBuildConfiguration;
			buildSettings = {
				ASSETCATALOG_COMPILER_APPICON_NAME = AppIcon;
				ASSETCATALOG_COMPILER_GLOBAL_ACCENT_COLOR_NAME = AccentColor;
				CODE_SIGN_STYLE = Automatic;
				CURRENT_PROJECT_VERSION = 1;
				DEVELOPMENT_TEAM = S849W7DL9F;
				GENERATE_INFOPLIST_FILE = YES;
				INFOPLIST_FILE = SidYakala/Info.plist;
				INFOPLIST_KEY_UIApplicationSupportsIndirectInputEvents = YES;
				INFOPLIST_KEY_UILaunchStoryboardName = LaunchScreen;
				INFOPLIST_KEY_UIMainStoryboardFile = Main;
				INFOPLIST_KEY_UISupportedInterfaceOrientations_iPad = "UIInterfaceOrientationPortrait UIInterfaceOrientationPortraitUpsideDown UIInterfaceOrientationLandscapeLeft UIInterfaceOrientationLandscapeRight";
				INFOPLIST_KEY_UISupportedInterfaceOrientations_iPhone = "UIInterfaceOrientationPortrait UIInterfaceOrientationLandscapeLeft UIInterfaceOrientationLandscapeRight";
				IPHONEOS_DEPLOYMENT_TARGET = 14.0;
				LD_RUNPATH_SEARCH_PATHS = (
					"$(inherited)",
					"@executable_path/Frameworks",
				);
				MARKETING_VERSION = 1.0;
				PRODUCT_BUNDLE_IDENTIFIER = com.firatilhan.SidYakala;
				PRODUCT_NAME = "$(TARGET_NAME)";
				SWIFT_EMIT_LOC_STRINGS = YES;
				SWIFT_VERSION = 5.0;
				TARGETED_DEVICE_FAMILY = "1,2";
			};
			name = Release;
		};
		3AF0C78528FEDA9C003C8276 /* Debug */ = {
			isa = XCBuildConfiguration;
			buildSettings = {
				ALWAYS_EMBED_SWIFT_STANDARD_LIBRARIES = YES;
				BUNDLE_LOADER = "$(TEST_HOST)";
				CODE_SIGN_STYLE = Automatic;
				CURRENT_PROJECT_VERSION = 1;
				DEVELOPMENT_TEAM = S849W7DL9F;
				GENERATE_INFOPLIST_FILE = YES;
				IPHONEOS_DEPLOYMENT_TARGET = 16.0;
				MARKETING_VERSION = 1.0;
				PRODUCT_BUNDLE_IDENTIFIER = com.firatilhan.SidYakalaTests;
				PRODUCT_NAME = "$(TARGET_NAME)";
				SWIFT_EMIT_LOC_STRINGS = NO;
				SWIFT_VERSION = 5.0;
				TARGETED_DEVICE_FAMILY = "1,2";
				TEST_HOST = "$(BUILT_PRODUCTS_DIR)/SidYakala.app/$(BUNDLE_EXECUTABLE_FOLDER_PATH)/SidYakala";
			};
			name = Debug;
		};
		3AF0C78628FEDA9C003C8276 /* Release */ = {
			isa = XCBuildConfiguration;
			buildSettings = {
				ALWAYS_EMBED_SWIFT_STANDARD_LIBRARIES = YES;
				BUNDLE_LOADER = "$(TEST_HOST)";
				CODE_SIGN_STYLE = Automatic;
				CURRENT_PROJECT_VERSION = 1;
				DEVELOPMENT_TEAM = S849W7DL9F;
				GENERATE_INFOPLIST_FILE = YES;
				IPHONEOS_DEPLOYMENT_TARGET = 16.0;
				MARKETING_VERSION = 1.0;
				PRODUCT_BUNDLE_IDENTIFIER = com.firatilhan.SidYakalaTests;
				PRODUCT_NAME = "$(TARGET_NAME)";
				SWIFT_EMIT_LOC_STRINGS = NO;
				SWIFT_VERSION = 5.0;
				TARGETED_DEVICE_FAMILY = "1,2";
				TEST_HOST = "$(BUILT_PRODUCTS_DIR)/SidYakala.app/$(BUNDLE_EXECUTABLE_FOLDER_PATH)/SidYakala";
			};
			name = Release;
		};
		3AF0C78828FEDA9C003C8276 /* Debug */ = {
			isa = XCBuildConfiguration;
			buildSettings = {
				ALWAYS_EMBED_SWIFT_STANDARD_LIBRARIES = YES;
				CODE_SIGN_STYLE = Automatic;
				CURRENT_PROJECT_VERSION = 1;
				DEVELOPMENT_TEAM = S849W7DL9F;
				GENERATE_INFOPLIST_FILE = YES;
				MARKETING_VERSION = 1.0;
				PRODUCT_BUNDLE_IDENTIFIER = com.firatilhan.SidYakalaUITests;
				PRODUCT_NAME = "$(TARGET_NAME)";
				SWIFT_EMIT_LOC_STRINGS = NO;
				SWIFT_VERSION = 5.0;
				TARGETED_DEVICE_FAMILY = "1,2";
				TEST_TARGET_NAME = SidYakala;
			};
			name = Debug;
		};
		3AF0C78928FEDA9C003C8276 /* Release */ = {
			isa = XCBuildConfiguration;
			buildSettings = {
				ALWAYS_EMBED_SWIFT_STANDARD_LIBRARIES = YES;
				CODE_SIGN_STYLE = Automatic;
				CURRENT_PROJECT_VERSION = 1;
				DEVELOPMENT_TEAM = S849W7DL9F;
				GENERATE_INFOPLIST_FILE = YES;
				MARKETING_VERSION = 1.0;
				PRODUCT_BUNDLE_IDENTIFIER = com.firatilhan.SidYakalaUITests;
				PRODUCT_NAME = "$(TARGET_NAME)";
				SWIFT_EMIT_LOC_STRINGS = NO;
				SWIFT_VERSION = 5.0;
				TARGETED_DEVICE_FAMILY = "1,2";
				TEST_TARGET_NAME = SidYakala;
			};
			name = Release;
		};
/* End XCBuildConfiguration section */

/* Begin XCConfigurationList section */
		3AF0C75228FEDA99003C8276 /* Build configuration list for PBXProject "SidYakala" */ = {
			isa = XCConfigurationList;
			buildConfigurations = (
				3AF0C77F28FEDA9C003C8276 /* Debug */,
				3AF0C78028FEDA9C003C8276 /* Release */,
			);
			defaultConfigurationIsVisible = 0;
			defaultConfigurationName = Release;
		};
		3AF0C78128FEDA9C003C8276 /* Build configuration list for PBXNativeTarget "SidYakala" */ = {
			isa = XCConfigurationList;
			buildConfigurations = (
				3AF0C78228FEDA9C003C8276 /* Debug */,
				3AF0C78328FEDA9C003C8276 /* Release */,
			);
			defaultConfigurationIsVisible = 0;
			defaultConfigurationName = Release;
		};
		3AF0C78428FEDA9C003C8276 /* Build configuration list for PBXNativeTarget "SidYakalaTests" */ = {
			isa = XCConfigurationList;
			buildConfigurations = (
				3AF0C78528FEDA9C003C8276 /* Debug */,
				3AF0C78628FEDA9C003C8276 /* Release */,
			);
			defaultConfigurationIsVisible = 0;
			defaultConfigurationName = Release;
		};
		3AF0C78728FEDA9C003C8276 /* Build configuration list for PBXNativeTarget "SidYakalaUITests" */ = {
			isa = XCConfigurationList;
			buildConfigurations = (
				3AF0C78828FEDA9C003C8276 /* Debug */,
				3AF0C78928FEDA9C003C8276 /* Release */,
			);
			defaultConfigurationIsVisible = 0;
			defaultConfigurationName = Release;
		};
/* End XCConfigurationList section */
	};
	rootObject = 3AF0C74F28FEDA99003C8276 /* Project object */;
}
